{
  "name": "vjezba-batman",
  "version": "1.0.0",
  "lockfileVersion": 1,
  "requires": true,
  "dependencies": {
    "random-fruits-name": {
      "version": "1.9.0",
      "resolved": "https://registry.npmjs.org/random-fruits-name/-/random-fruits-name-1.9.0.tgz",
      "integrity": "sha512-PfGiEx2ML50QceEXcHvoZREjN0R8igzWaawwnW9EdgUTSNl/Zwf8wltZlKJDAUKk0p+2uLAhPIe6woE4RblrlA==",
      "dev": true
    },
    "random-item": {
      "version": "3.1.0",
      "resolved": "https://registry.npmjs.org/random-item/-/random-item-3.1.0.tgz",
      "integrity": "sha512-0DyAT8LYBNQKSkqcPjia/HNoWCZ5JWBdAQWjBQVh5DMVv3Fv7V90I8/AuUf8NW4zdFn27i9qj8Kp6wI5JsiiOA==",
      "dev": true
    }
  }
}
